
Microsoft Visual Studio Solution File, Format Version 12.00
# Visual Studio Version 16
VisualStudioVersion = 16.0.809.0
MinimumVisualStudioVersion = 10.0.40219.1
Project("{FAE04EC0-301F-11D3-BF4B-00C04F79EFBC}") = "Class4-BootstrapForm", "Class4-BootstrapForm\Class4-BootstrapForm.csproj", "{27C879C3-998C-4B4A-A54F-3B9586404EC3}"
EndProject
Global
	GlobalSection(SolutionConfigurationPlatforms) = preSolution
		Debug|Any CPU = Debug|Any CPU
		Release|Any CPU = Release|Any CPU
	EndGlobalSection
	GlobalSection(ProjectConfigurationPlatforms) = postSolution
		{27C879C3-998C-4B4A-A54F-3B9586404EC3}.Debug|Any CPU.ActiveCfg = Debug|Any CPU
		{27C879C3-998C-4B4A-A54F-3B9586404EC3}.Debug|Any CPU.Build.0 = Debug|Any CPU
		{27C879C3-998C-4B4A-A54F-3B9586404EC3}.Release|Any CPU.ActiveCfg = Release|Any CPU
		{27C879C3-998C-4B4A-A54F-3B9586404EC3}.Release|Any CPU.Build.0 = Release|Any CPU
	EndGlobalSection
	GlobalSection(SolutionProperties) = preSolution
		HideSolutionNode = FALSE
	EndGlobalSection
	GlobalSection(ExtensibilityGlobals) = postSolution
		SolutionGuid = {5EBD0D15-F98C-46C5-BE64-EA5255E461BF}
	EndGlobalSection
EndGlobal
